<Solution>
    <Project Path="Farm/Farm.csproj" />
    <Project Path="Farm.Core/Farm.Core.csproj" />
    <Project Path="Farm.Azure/Farm.Azure.csproj" />
    <Project Path="Farm.Console/Farm.Console.csproj" />
    <Project Path="Farm.Azure.Tests/Farm.Azure.Tests.csproj" />
    <Project Path="Farm.Console.Tests/Farm.Console.Tests.csproj" />
    <Project Path="Farm.Core.Tests/Farm.Core.Tests.csproj" />
</Solution>
